
Microsoft Visual Studio Solution File, Format Version 12.00
# Visual Studio Version 16
VisualStudioVersion = 16.0.30011.22
MinimumVisualStudioVersion = 10.0.40219.1
Project("{9A19103F-16F7-4668-BE54-9A1E7A4F7556}") = "Receive", "Receive.csproj", "{34F21A69-A34A-4CE7-B347-15357E6E61FF}"
EndProject
Global
	GlobalSection(SolutionConfigurationPlatforms) = preSolution
		Debug|Any CPU = Debug|Any CPU
		Release|Any CPU = Release|Any CPU
	EndGlobalSection
	GlobalSection(ProjectConfigurationPlatforms) = postSolution
		{34F21A69-A34A-4CE7-B347-15357E6E61FF}.Debug|Any CPU.ActiveCfg = Debug|Any CPU
		{34F21A69-A34A-4CE7-B347-15357E6E61FF}.Debug|Any CPU.Build.0 = Debug|Any CPU
		{34F21A69-A34A-4CE7-B347-15357E6E61FF}.Release|Any CPU.ActiveCfg = Release|Any CPU
		{34F21A69-A34A-4CE7-B347-15357E6E61FF}.Release|Any CPU.Build.0 = Release|Any CPU
	EndGlobalSection
	GlobalSection(SolutionProperties) = preSolution
		HideSolutionNode = FALSE
	EndGlobalSection
	GlobalSection(ExtensibilityGlobals) = postSolution
		SolutionGuid = {7BD50B45-706B-4796-884D-62346132E09E}
	EndGlobalSection
EndGlobal
