
Microsoft Visual Studio Solution File, Format Version 12.00
# Visual Studio Version 16
VisualStudioVersion = 16.0.30011.22
MinimumVisualStudioVersion = 10.0.40219.1
Project("{9A19103F-16F7-4668-BE54-9A1E7A4F7556}") = "Send", "Send.csproj", "{2B81AEC1-68B6-42E5-A026-51F4AF05B609}"
EndProject
Global
	GlobalSection(SolutionConfigurationPlatforms) = preSolution
		Debug|Any CPU = Debug|Any CPU
		Release|Any CPU = Release|Any CPU
	EndGlobalSection
	GlobalSection(ProjectConfigurationPlatforms) = postSolution
		{2B81AEC1-68B6-42E5-A026-51F4AF05B609}.Debug|Any CPU.ActiveCfg = Debug|Any CPU
		{2B81AEC1-68B6-42E5-A026-51F4AF05B609}.Debug|Any CPU.Build.0 = Debug|Any CPU
		{2B81AEC1-68B6-42E5-A026-51F4AF05B609}.Release|Any CPU.ActiveCfg = Release|Any CPU
		{2B81AEC1-68B6-42E5-A026-51F4AF05B609}.Release|Any CPU.Build.0 = Release|Any CPU
	EndGlobalSection
	GlobalSection(SolutionProperties) = preSolution
		HideSolutionNode = FALSE
	EndGlobalSection
	GlobalSection(ExtensibilityGlobals) = postSolution
		SolutionGuid = {23399821-12EA-434D-86AB-697913C2169E}
	EndGlobalSection
EndGlobal
